// !$*UTF8*$!
{
	archiveVersion = 1;
	classes = {
	};
	objectVersion = 51;
	objects = {

/* Begin PBXBuildFile section */
		0EFEDF748F40E652D0547161 /* Pods_ToDoey.framework in Frameworks */ = {isa = PBXBuildFile; fileRef = BD2B4FDE6F05979DFBE980C1 /* Pods_ToDoey.framework */; };
		7420A8F425323C3000126A82 /* Item.swift in Sources */ = {isa = PBXBuildFile; fileRef = 7420A8F325323C3000126A82 /* Item.swift */; };
		7420A8F725323C3A00126A82 /* Category.swift in Sources */ = {isa = PBXBuildFile; fileRef = 7420A8F625323C3A00126A82 /* Category.swift */; };
		7438A9AA252D09CC00F75ADC /* AppDelegate.swift in Sources */ = {isa = PBXBuildFile; fileRef = 7438A9A9252D09CC00F75ADC /* AppDelegate.swift */; };
		7438A9AC252D09CC00F75ADC /* SceneDelegate.swift in Sources */ = {isa = PBXBuildFile; fileRef = 7438A9AB252D09CC00F75ADC /* SceneDelegate.swift */; };
		7438A9AE252D09CC00F75ADC /* TodoListViewController.swift in Sources */ = {isa = PBXBuildFile; fileRef = 7438A9AD252D09CC00F75ADC /* TodoListViewController.swift */; };
		7438A9B1252D09CC00F75ADC /* Main.storyboard in Resources */ = {isa = PBXBuildFile; fileRef = 7438A9AF252D09CC00F75ADC /* Main.storyboard */; };
		7438A9B3252D09CD00F75ADC /* Assets.xcassets in Resources */ = {isa = PBXBuildFile; fileRef = 7438A9B2252D09CD00F75ADC /* Assets.xcassets */; };
		7438A9B6252D09CD00F75ADC /* LaunchScreen.storyboard in Resources */ = {isa = PBXBuildFile; fileRef = 7438A9B4252D09CD00F75ADC /* LaunchScreen.storyboard */; };
		74732FEF252EC7ED007ED469 /* CategoryViewController.swift in Sources */ = {isa = PBXBuildFile; fileRef = 74732FEE252EC7ED007ED469 /* CategoryViewController.swift */; };
/* End PBXBuildFile section */

/* Begin PBXFileReference section */
		7420A8F325323C3000126A82 /* Item.swift */ = {isa = PBXFileReference; lastKnownFileType = sourcecode.swift; path = Item.swift; sourceTree = "<group>"; };
		7420A8F625323C3A00126A82 /* Category.swift */ = {isa = PBXFileReference; lastKnownFileType = sourcecode.swift; path = Category.swift; sourceTree = "<group>"; };
		7438A9A6252D09CC00F75ADC /* ToDoey.app */ = {isa = PBXFileReference; explicitFileType = wrapper.application; includeInIndex = 0; path = ToDoey.app; sourceTree = BUILT_PRODUCTS_DIR; };
		7438A9A9252D09CC00F75ADC /* AppDelegate.swift */ = {isa = PBXFileReference; lastKnownFileType = sourcecode.swift; path = AppDelegate.swift; sourceTree = "<group>"; };
		7438A9AB252D09CC00F75ADC /* SceneDelegate.swift */ = {isa = PBXFileReference; lastKnownFileType = sourcecode.swift; path = SceneDelegate.swift; sourceTree = "<group>"; };
		7438A9AD252D09CC00F75ADC /* TodoListViewController.swift */ = {isa = PBXFileReference; lastKnownFileType = sourcecode.swift; path = TodoListViewController.swift; sourceTree = "<group>"; };
		7438A9B0252D09CC00F75ADC /* Base */ = {isa = PBXFileReference; lastKnownFileType = file.storyboard; name = Base; path = Base.lproj/Main.storyboard; sourceTree = "<group>"; };
		7438A9B2252D09CD00F75ADC /* Assets.xcassets */ = {isa = PBXFileReference; lastKnownFileType = folder.assetcatalog; path = Assets.xcassets; sourceTree = "<group>"; };
		7438A9B5252D09CD00F75ADC /* Base */ = {isa = PBXFileReference; lastKnownFileType = file.storyboard; name = Base; path = Base.lproj/LaunchScreen.storyboard; sourceTree = "<group>"; };
		7438A9B7252D09CD00F75ADC /* Info.plist */ = {isa = PBXFileReference; lastKnownFileType = text.plist.xml; path = Info.plist; sourceTree = "<group>"; };
		74732FEE252EC7ED007ED469 /* CategoryViewController.swift */ = {isa = PBXFileReference; lastKnownFileType = sourcecode.swift; path = CategoryViewController.swift; sourceTree = "<group>"; };
		A0371509BC4E858302AB95FD /* Pods-ToDoey.release.xcconfig */ = {isa = PBXFileReference; includeInIndex = 1; lastKnownFileType = text.xcconfig; name = "Pods-ToDoey.release.xcconfig"; path = "Target Support Files/Pods-ToDoey/Pods-ToDoey.release.xcconfig"; sourceTree = "<group>"; };
		BD2B4FDE6F05979DFBE980C1 /* Pods_ToDoey.framework */ = {isa = PBXFileReference; explicitFileType = wrapper.framework; includeInIndex = 0; path = Pods_ToDoey.framework; sourceTree = BUILT_PRODUCTS_DIR; };
		D78C1C6AD354F6D627184E35 /* Pods-ToDoey.debug.xcconfig */ = {isa = PBXFileReference; includeInIndex = 1; lastKnownFileType = text.xcconfig; name = "Pods-ToDoey.debug.xcconfig"; path = "Target Support Files/Pods-ToDoey/Pods-ToDoey.debug.xcconfig"; sourceTree = "<group>"; };
/* End PBXFileReference section */

/* Begin PBXFrameworksBuildPhase section */
		7438A9A3252D09CC00F75ADC /* Frameworks */ = {
			isa = PBXFrameworksBuildPhase;
			buildActionMask = 2147483647;
			files = (
				0EFEDF748F40E652D0547161 /* Pods_ToDoey.framework in Frameworks */,
			);
			runOnlyForDeploymentPostprocessing = 0;
		};
/* End PBXFrameworksBuildPhase section */

/* Begin PBXGroup section */
		6956924899066FABF22A6532 /* Frameworks */ = {
			isa = PBXGroup;
			children = (
				BD2B4FDE6F05979DFBE980C1 /* Pods_ToDoey.framework */,
			);
			name = Frameworks;
			sourceTree = "<group>";
		};
		7438A99D252D09CC00F75ADC = {
			isa = PBXGroup;
			children = (
				7438A9A8252D09CC00F75ADC /* ToDoey */,
				7438A9A7252D09CC00F75ADC /* Products */,
				E0030B684161167F89001FA0 /* Pods */,
				6956924899066FABF22A6532 /* Frameworks */,
			);
			sourceTree = "<group>";
		};
		7438A9A7252D09CC00F75ADC /* Products */ = {
			isa = PBXGroup;
			children = (
				7438A9A6252D09CC00F75ADC /* ToDoey.app */,
			);
			name = Products;
			sourceTree = "<group>";
		};
		7438A9A8252D09CC00F75ADC /* ToDoey */ = {
			isa = PBXGroup;
			children = (
				7438A9A9252D09CC00F75ADC /* AppDelegate.swift */,
				7438A9AB252D09CC00F75ADC /* SceneDelegate.swift */,
				7438A9C5252D30E700F75ADC /* Controllers */,
				7438A9C2252D30D100F75ADC /* Data Model */,
				7438A9C8252D310600F75ADC /* Views */,
				7438A9C7252D30FE00F75ADC /* Supporting Files */,
				7438A9B7252D09CD00F75ADC /* Info.plist */,
			);
			path = ToDoey;
			sourceTree = "<group>";
		};
		7438A9C2252D30D100F75ADC /* Data Model */ = {
			isa = PBXGroup;
			children = (
				7420A8F625323C3A00126A82 /* Category.swift */,
				7420A8F325323C3000126A82 /* Item.swift */,
			);
			path = "Data Model";
			sourceTree = "<group>";
		};
		7438A9C5252D30E700F75ADC /* Controllers */ = {
			isa = PBXGroup;
			children = (
				74732FEE252EC7ED007ED469 /* CategoryViewController.swift */,
				7438A9AD252D09CC00F75ADC /* TodoListViewController.swift */,
			);
			path = Controllers;
			sourceTree = "<group>";
		};
		7438A9C7252D30FE00F75ADC /* Supporting Files */ = {
			isa = PBXGroup;
			children = (
				7438A9B2252D09CD00F75ADC /* Assets.xcassets */,
				7438A9B4252D09CD00F75ADC /* LaunchScreen.storyboard */,
			);
			path = "Supporting Files";
			sourceTree = "<group>";
		};
		7438A9C8252D310600F75ADC /* Views */ = {
			isa = PBXGroup;
			children = (
				7438A9AF252D09CC00F75ADC /* Main.storyboard */,
			);
			path = Views;
			sourceTree = "<group>";
		};
		E0030B684161167F89001FA0 /* Pods */ = {
			isa = PBXGroup;
			children = (
				D78C1C6AD354F6D627184E35 /* Pods-ToDoey.debug.xcconfig */,
				A0371509BC4E858302AB95FD /* Pods-ToDoey.release.xcconfig */,
			);
			path = Pods;
			sourceTree = "<group>";
		};
/* End PBXGroup section */

/* Begin PBXNativeTarget section */
		7438A9A5252D09CC00F75ADC /* ToDoey */ = {
			isa = PBXNativeTarget;
			buildConfigurationList = 7438A9BA252D09CD00F75ADC /* Build configuration list for PBXNativeTarget "ToDoey" */;
			buildPhases = (
				AC7FC07FEF66B7981F56364F /* [CP] Check Pods Manifest.lock */,
				7438A9A2252D09CC00F75ADC /* Sources */,
				7438A9A3252D09CC00F75ADC /* Frameworks */,
				7438A9A4252D09CC00F75ADC /* Resources */,
				5FA5975BE3164AB0E8204A7A /* [CP] Embed Pods Frameworks */,
			);
			buildRules = (
			);
			dependencies = (
			);
			name = ToDoey;
			productName = ToDoey;
			productReference = 7438A9A6252D09CC00F75ADC /* ToDoey.app */;
			productType = "com.apple.product-type.application";
		};
/* End PBXNativeTarget section */

/* Begin PBXProject section */
		7438A99E252D09CC00F75ADC /* Project object */ = {
			isa = PBXProject;
			attributes = {
				LastSwiftUpdateCheck = 1200;
				LastUpgradeCheck = 1200;
				TargetAttributes = {
					7438A9A5252D09CC00F75ADC = {
						CreatedOnToolsVersion = 12.0.1;
					};
				};
			};
			buildConfigurationList = 7438A9A1252D09CC00F75ADC /* Build configuration list for PBXProject "ToDoey" */;
			compatibilityVersion = "Xcode 9.3";
			developmentRegion = en;
			hasScannedForEncodings = 0;
			knownRegions = (
				en,
				Base,
			);
			mainGroup = 7438A99D252D09CC00F75ADC;
			productRefGroup = 7438A9A7252D09CC00F75ADC /* Products */;
			projectDirPath = "";
			projectRoot = "";
			targets = (
				7438A9A5252D09CC00F75ADC /* ToDoey */,
			);
		};
/* End PBXProject section */

/* Begin PBXResourcesBuildPhase section */
		7438A9A4252D09CC00F75ADC /* Resources */ = {
			isa = PBXResourcesBuildPhase;
			buildActionMask = 2147483647;
			files = (
				7438A9B6252D09CD00F75ADC /* LaunchScreen.storyboard in Resources */,
				7438A9B3252D09CD00F75ADC /* Assets.xcassets in Resources */,
				7438A9B1252D09CC00F75ADC /* Main.storyboard in Resources */,
			);
			runOnlyForDeploymentPostprocessing = 0;
		};
/* End PBXResourcesBuildPhase section */

/* Begin PBXShellScriptBuildPhase section */
		5FA5975BE3164AB0E8204A7A /* [CP] Embed Pods Frameworks */ = {
			isa = PBXShellScriptBuildPhase;
			buildActionMask = 2147483647;
			files = (
			);
			inputFileListPaths = (
				"${PODS_ROOT}/Target Support Files/Pods-ToDoey/Pods-ToDoey-frameworks-${CONFIGURATION}-input-files.xcfilelist",
			);
			name = "[CP] Embed Pods Frameworks";
			outputFileListPaths = (
				"${PODS_ROOT}/Target Support Files/Pods-ToDoey/Pods-ToDoey-frameworks-${CONFIGURATION}-output-files.xcfilelist",
			);
			runOnlyForDeploymentPostprocessing = 0;
			shellPath = /bin/sh;
			shellScript = "\"${PODS_ROOT}/Target Support Files/Pods-ToDoey/Pods-ToDoey-frameworks.sh\"\n";
			showEnvVarsInLog = 0;
		};
		AC7FC07FEF66B7981F56364F /* [CP] Check Pods Manifest.lock */ = {
			isa = PBXShellScriptBuildPhase;
			buildActionMask = 2147483647;
			files = (
			);
			inputFileListPaths = (
			);
			inputPaths = (
				"${PODS_PODFILE_DIR_PATH}/Podfile.lock",
				"${PODS_ROOT}/Manifest.lock",
			);
			name = "[CP] Check Pods Manifest.lock";
			outputFileListPaths = (
			);
			outputPaths = (
				"$(DERIVED_FILE_DIR)/Pods-ToDoey-checkManifestLockResult.txt",
			);
			runOnlyForDeploymentPostprocessing = 0;
			shellPath = /bin/sh;
			shellScript = "diff \"${PODS_PODFILE_DIR_PATH}/Podfile.lock\" \"${PODS_ROOT}/Manifest.lock\" > /dev/null\nif [ $? != 0 ] ; then\n    # print error to STDERR\n    echo \"error: The sandbox is not in sync with the Podfile.lock. Run 'pod install' or update your CocoaPods installation.\" >&2\n    exit 1\nfi\n# This output is used by Xcode 'outputs' to avoid re-running this script phase.\necho \"SUCCESS\" > \"${SCRIPT_OUTPUT_FILE_0}\"\n";
			showEnvVarsInLog = 0;
		};
/* End PBXShellScriptBuildPhase section */

/* Begin PBXSourcesBuildPhase section */
		7438A9A2252D09CC00F75ADC /* Sources */ = {
			isa = PBXSourcesBuildPhase;
			buildActionMask = 2147483647;
			files = (
				74732FEF252EC7ED007ED469 /* CategoryViewController.swift in Sources */,
				7438A9AE252D09CC00F75ADC /* TodoListViewController.swift in Sources */,
				7438A9AA252D09CC00F75ADC /* AppDelegate.swift in Sources */,
				7420A8F425323C3000126A82 /* Item.swift in Sources */,
				7438A9AC252D09CC00F75ADC /* SceneDelegate.swift in Sources */,
				7420A8F725323C3A00126A82 /* Category.swift in Sources */,
			);
			runOnlyForDeploymentPostprocessing = 0;
		};
/* End PBXSourcesBuildPhase section */

/* Begin PBXVariantGroup section */
		7438A9AF252D09CC00F75ADC /* Main.storyboard */ = {
			isa = PBXVariantGroup;
			children = (
				7438A9B0252D09CC00F75ADC /* Base */,
			);
			name = Main.storyboard;
			sourceTree = "<group>";
		};
		7438A9B4252D09CD00F75ADC /* LaunchScreen.storyboard */ = {
			isa = PBXVariantGroup;
			children = (
				7438A9B5252D09CD00F75ADC /* Base */,
			);
			name = LaunchScreen.storyboard;
			sourceTree = "<group>";
		};
/* End PBXVariantGroup section */

/* Begin XCBuildConfiguration section */
		7438A9B8252D09CD00F75ADC /* Debug */ = {
			isa = XCBuildConfiguration;
			buildSettings = {
				ALWAYS_SEARCH_USER_PATHS = NO;
				CLANG_ANALYZER_NONNULL = YES;
				CLANG_ANALYZER_NUMBER_OBJECT_CONVERSION = YES_AGGRESSIVE;
				CLANG_CXX_LANGUAGE_STANDARD = "gnu++14";
				CLANG_CXX_LIBRARY = "libc++";
				CLANG_ENABLE_MODULES = YES;
				CLANG_ENABLE_OBJC_ARC = YES;
				CLANG_ENABLE_OBJC_WEAK = YES;
				CLANG_WARN_BLOCK_CAPTURE_AUTORELEASING = YES;
				CLANG_WARN_BOOL_CONVERSION = YES;
				CLANG_WARN_COMMA = YES;
				CLANG_WARN_CONSTANT_CONVERSION = YES;
				CLANG_WARN_DEPRECATED_OBJC_IMPLEMENTATIONS = YES;
				CLANG_WARN_DIRECT_OBJC_ISA_USAGE = YES_ERROR;
				CLANG_WARN_DOCUMENTATION_COMMENTS = YES;
				CLANG_WARN_EMPTY_BODY = YES;
				CLANG_WARN_ENUM_CONVERSION = YES;
				CLANG_WARN_INFINITE_RECURSION = YES;
				CLANG_WARN_INT_CONVERSION = YES;
				CLANG_WARN_NON_LITERAL_NULL_CONVERSION = YES;
				CLANG_WARN_OBJC_IMPLICIT_RETAIN_SELF = YES;
				CLANG_WARN_OBJC_LITERAL_CONVERSION = YES;
				CLANG_WARN_OBJC_ROOT_CLASS = YES_ERROR;
				CLANG_WARN_QUOTED_INCLUDE_IN_FRAMEWORK_HEADER = YES;
				CLANG_WARN_RANGE_LOOP_ANALYSIS = YES;
				CLANG_WARN_STRICT_PROTOTYPES = YES;
				CLANG_WARN_SUSPICIOUS_MOVE = YES;
				CLANG_WARN_UNGUARDED_AVAILABILITY = YES_AGGRESSIVE;
				CLANG_WARN_UNREACHABLE_CODE = YES;
				CLANG_WARN__DUPLICATE_METHOD_MATCH = YES;
				COPY_PHASE_STRIP = NO;
				DEBUG_INFORMATION_FORMAT = dwarf;
				ENABLE_STRICT_OBJC_MSGSEND = YES;
				ENABLE_TESTABILITY = YES;
				GCC_C_LANGUAGE_STANDARD = gnu11;
				GCC_DYNAMIC_NO_PIC = NO;
				GCC_NO_COMMON_BLOCKS = YES;
				GCC_OPTIMIZATION_LEVEL = 0;
				GCC_PREPROCESSOR_DEFINITIONS = (
					"DEBUG=1",
					"$(inherited)",
				);
				GCC_WARN_64_TO_32_BIT_CONVERSION = YES;
				GCC_WARN_ABOUT_RETURN_TYPE = YES_ERROR;
				GCC_WARN_UNDECLARED_SELECTOR = YES;
				GCC_WARN_UNINITIALIZED_AUTOS = YES_AGGRESSIVE;
				GCC_WARN_UNUSED_FUNCTION = YES;
				GCC_WARN_UNUSED_VARIABLE = YES;
				IPHONEOS_DEPLOYMENT_TARGET = 14.0;
				MTL_ENABLE_DEBUG_INFO = INCLUDE_SOURCE;
				MTL_FAST_MATH = YES;
				ONLY_ACTIVE_ARCH = YES;
				SDKROOT = iphoneos;
				SWIFT_ACTIVE_COMPILATION_CONDITIONS = DEBUG;
				SWIFT_OPTIMIZATION_LEVEL = "-Onone";
			};
			name = Debug;
		};
		7438A9B9252D09CD00F75ADC /* Release */ = {
			isa = XCBuildConfiguration;
			buildSettings = {
				ALWAYS_SEARCH_USER_PATHS = NO;
				CLANG_ANALYZER_NONNULL = YES;
				CLANG_ANALYZER_NUMBER_OBJECT_CONVERSION = YES_AGGRESSIVE;
				CLANG_CXX_LANGUAGE_STANDARD = "gnu++14";
				CLANG_CXX_LIBRARY = "libc++";
				CLANG_ENABLE_MODULES = YES;
				CLANG_ENABLE_OBJC_ARC = YES;
				CLANG_ENABLE_OBJC_WEAK = YES;
				CLANG_WARN_BLOCK_CAPTURE_AUTORELEASING = YES;
				CLANG_WARN_BOOL_CONVERSION = YES;
				CLANG_WARN_COMMA = YES;
				CLANG_WARN_CONSTANT_CONVERSION = YES;
				CLANG_WARN_DEPRECATED_OBJC_IMPLEMENTATIONS = YES;
				CLANG_WARN_DIRECT_OBJC_ISA_USAGE = YES_ERROR;
				CLANG_WARN_DOCUMENTATION_COMMENTS = YES;
				CLANG_WARN_EMPTY_BODY = YES;
				CLANG_WARN_ENUM_CONVERSION = YES;
				CLANG_WARN_INFINITE_RECURSION = YES;
				CLANG_WARN_INT_CONVERSION = YES;
				CLANG_WARN_NON_LITERAL_NULL_CONVERSION = YES;
				CLANG_WARN_OBJC_IMPLICIT_RETAIN_SELF = YES;
				CLANG_WARN_OBJC_LITERAL_CONVERSION = YES;
				CLANG_WARN_OBJC_ROOT_CLASS = YES_ERROR;
				CLANG_WARN_QUOTED_INCLUDE_IN_FRAMEWORK_HEADER = YES;
				CLANG_WARN_RANGE_LOOP_ANALYSIS = YES;
				CLANG_WARN_STRICT_PROTOTYPES = YES;
				CLANG_WARN_SUSPICIOUS_MOVE = YES;
				CLANG_WARN_UNGUARDED_AVAILABILITY = YES_AGGRESSIVE;
				CLANG_WARN_UNREACHABLE_CODE = YES;
				CLANG_WARN__DUPLICATE_METHOD_MATCH = YES;
				COPY_PHASE_STRIP = NO;
				DEBUG_INFORMATION_FORMAT = "dwarf-with-dsym";
				ENABLE_NS_ASSERTIONS = NO;
				ENABLE_STRICT_OBJC_MSGSEND = YES;
				GCC_C_LANGUAGE_STANDARD = gnu11;
				GCC_NO_COMMON_BLOCKS = YES;
				GCC_WARN_64_TO_32_BIT_CONVERSION = YES;
				GCC_WARN_ABOUT_RETURN_TYPE = YES_ERROR;
				GCC_WARN_UNDECLARED_SELECTOR = YES;
				GCC_WARN_UNINITIALIZED_AUTOS = YES_AGGRESSIVE;
				GCC_WARN_UNUSED_FUNCTION = YES;
				GCC_WARN_UNUSED_VARIABLE = YES;
				IPHONEOS_DEPLOYMENT_TARGET = 14.0;
				MTL_ENABLE_DEBUG_INFO = NO;
				MTL_FAST_MATH = YES;
				SDKROOT = iphoneos;
				SWIFT_COMPILATION_MODE = wholemodule;
				SWIFT_OPTIMIZATION_LEVEL = "-O";
				VALIDATE_PRODUCT = YES;
			};
			name = Release;
		};
		7438A9BB252D09CD00F75ADC /* Debug */ = {
			isa = XCBuildConfiguration;
			baseConfigurationReference = D78C1C6AD354F6D627184E35 /* Pods-ToDoey.debug.xcconfig */;
			buildSettings = {
				ASSETCATALOG_COMPILER_APPICON_NAME = AppIcon;
				ASSETCATALOG_COMPILER_GLOBAL_ACCENT_COLOR_NAME = AccentColor;
				CODE_SIGN_STYLE = Automatic;
				DEVELOPMENT_TEAM = 7PRR6TV4ZF;
				INFOPLIST_FILE = ToDoey/Info.plist;
				LD_RUNPATH_SEARCH_PATHS = (
					"$(inherited)",
					"@executable_path/Frameworks",
				);
				PRODUCT_BUNDLE_IDENTIFIER = com.nebby.ToDoey;
				PRODUCT_NAME = "$(TARGET_NAME)";
				SWIFT_VERSION = 5.0;
				TARGETED_DEVICE_FAMILY = "1,2";
			};
			name = Debug;
		};
		7438A9BC252D09CD00F75ADC /* Release */ = {
			isa = XCBuildConfiguration;
			baseConfigurationReference = A0371509BC4E858302AB95FD /* Pods-ToDoey.release.xcconfig */;
			buildSettings = {
				ASSETCATALOG_COMPILER_APPICON_NAME = AppIcon;
				ASSETCATALOG_COMPILER_GLOBAL_ACCENT_COLOR_NAME = AccentColor;
				CODE_SIGN_STYLE = Automatic;
				DEVELOPMENT_TEAM = 7PRR6TV4ZF;
				INFOPLIST_FILE = ToDoey/Info.plist;
				LD_RUNPATH_SEARCH_PATHS = (
					"$(inherited)",
					"@executable_path/Frameworks",
				);
				PRODUCT_BUNDLE_IDENTIFIER = com.nebby.ToDoey;
				PRODUCT_NAME = "$(TARGET_NAME)";
				SWIFT_VERSION = 5.0;
				TARGETED_DEVICE_FAMILY = "1,2";
			};
			name = Release;
		};
/* End XCBuildConfiguration section */

/* Begin XCConfigurationList section */
		7438A9A1252D09CC00F75ADC /* Build configuration list for PBXProject "ToDoey" */ = {
			isa = XCConfigurationList;
			buildConfigurations = (
				7438A9B8252D09CD00F75ADC /* Debug */,
				7438A9B9252D09CD00F75ADC /* Release */,
			);
			defaultConfigurationIsVisible = 0;
			defaultConfigurationName = Release;
		};
		7438A9BA252D09CD00F75ADC /* Build configuration list for PBXNativeTarget "ToDoey" */ = {
			isa = XCConfigurationList;
			buildConfigurations = (
				7438A9BB252D09CD00F75ADC /* Debug */,
				7438A9BC252D09CD00F75ADC /* Release */,
			);
			defaultConfigurationIsVisible = 0;
			defaultConfigurationName = Release;
		};
/* End XCConfigurationList section */
	};
	rootObject = 7438A99E252D09CC00F75ADC /* Project object */;
}
